
Microsoft Visual Studio Solution File, Format Version 12.00
# Visual Studio Version 17
VisualStudioVersion = 17.13.35825.156
MinimumVisualStudioVersion = 10.0.40219.1
Project("{FAE04EC0-301F-11D3-BF4B-00C04F79EFBC}") = "OutsideInTestingDemo.Tests", "OutsideInTestingDemo.Tests\OutsideInTestingDemo.Tests.csproj", "{442FE948-7CC8-4E71-8E49-163A4F64A679}"
EndProject
Project("{FAE04EC0-301F-11D3-BF4B-00C04F79EFBC}") = "OutsideInTestingDemo.App.SqlServer", "OutsideInTestingDemo.App.SqlServer\OutsideInTestingDemo.App.SqlServer.csproj", "{EFF8A08C-DD6C-4F09-BD2D-8C9FA01F2066}"
EndProject
Project("{2150E333-8FDC-42A3-9474-1A3956D46DE8}") = "Solution Items", "Solution Items", "{8EC462FD-D22E-90A8-E5CE-7E832BA40C5D}"
	ProjectSection(SolutionItems) = preProject
		.editorconfig = .editorconfig
		Directory.Packages.props = Directory.Packages.props
	EndProjectSection
EndProject
Project("{FAE04EC0-301F-11D3-BF4B-00C04F79EFBC}") = "OutsideInTestingDemo.App.PostgreSql", "OutsideInTestingDemo.App.PostgreSql\OutsideInTestingDemo.App.PostgreSql.csproj", "{9220CC8D-E59E-2D74-CB06-82A9C1BF3AAE}"
EndProject
Project("{FAE04EC0-301F-11D3-BF4B-00C04F79EFBC}") = "OutsideInTestingDemo.App", "OutsideInTestingDemo.App\OutsideInTestingDemo.App.csproj", "{2AB30328-A4A3-42CF-8B9A-327AC0883EE3}"
EndProject
Global
	GlobalSection(SolutionConfigurationPlatforms) = preSolution
		Debug|Any CPU = Debug|Any CPU
		Release|Any CPU = Release|Any CPU
	EndGlobalSection
	GlobalSection(ProjectConfigurationPlatforms) = postSolution
		{442FE948-7CC8-4E71-8E49-163A4F64A679}.Debug|Any CPU.ActiveCfg = Debug|Any CPU
		{442FE948-7CC8-4E71-8E49-163A4F64A679}.Debug|Any CPU.Build.0 = Debug|Any CPU
		{442FE948-7CC8-4E71-8E49-163A4F64A679}.Release|Any CPU.ActiveCfg = Release|Any CPU
		{442FE948-7CC8-4E71-8E49-163A4F64A679}.Release|Any CPU.Build.0 = Release|Any CPU
		{EFF8A08C-DD6C-4F09-BD2D-8C9FA01F2066}.Debug|Any CPU.ActiveCfg = Debug|Any CPU
		{EFF8A08C-DD6C-4F09-BD2D-8C9FA01F2066}.Debug|Any CPU.Build.0 = Debug|Any CPU
		{EFF8A08C-DD6C-4F09-BD2D-8C9FA01F2066}.Release|Any CPU.ActiveCfg = Release|Any CPU
		{EFF8A08C-DD6C-4F09-BD2D-8C9FA01F2066}.Release|Any CPU.Build.0 = Release|Any CPU
		{9220CC8D-E59E-2D74-CB06-82A9C1BF3AAE}.Debug|Any CPU.ActiveCfg = Debug|Any CPU
		{9220CC8D-E59E-2D74-CB06-82A9C1BF3AAE}.Debug|Any CPU.Build.0 = Debug|Any CPU
		{9220CC8D-E59E-2D74-CB06-82A9C1BF3AAE}.Release|Any CPU.ActiveCfg = Release|Any CPU
		{9220CC8D-E59E-2D74-CB06-82A9C1BF3AAE}.Release|Any CPU.Build.0 = Release|Any CPU
		{2AB30328-A4A3-42CF-8B9A-327AC0883EE3}.Debug|Any CPU.ActiveCfg = Debug|Any CPU
		{2AB30328-A4A3-42CF-8B9A-327AC0883EE3}.Debug|Any CPU.Build.0 = Debug|Any CPU
		{2AB30328-A4A3-42CF-8B9A-327AC0883EE3}.Release|Any CPU.ActiveCfg = Release|Any CPU
		{2AB30328-A4A3-42CF-8B9A-327AC0883EE3}.Release|Any CPU.Build.0 = Release|Any CPU
	EndGlobalSection
	GlobalSection(SolutionProperties) = preSolution
		HideSolutionNode = FALSE
	EndGlobalSection
	GlobalSection(ExtensibilityGlobals) = postSolution
		SolutionGuid = {B0457873-6C1B-4E6B-9944-9DC86E70EBDE}
	EndGlobalSection
EndGlobal
